
Microsoft Visual Studio Solution File, Format Version 12.00
# Visual Studio Version 16
VisualStudioVersion = 16.0.31229.75
MinimumVisualStudioVersion = 10.0.40219.1
Project("{9A19103F-16F7-4668-BE54-9A1E7A4F7556}") = "TomTomEcommerce.BackOffice", "TomTomEcommerce.BackOffice\TomTomEcommerce.BackOffice.csproj", "{728B7242-BF38-4C5C-A8AA-24DC2FD12F36}"
EndProject
Project("{9A19103F-16F7-4668-BE54-9A1E7A4F7556}") = "TomTomEcommerce.Core", "TomTomEcommerce.Core\TomTomEcommerce.Core.csproj", "{C57ABAE6-370A-4FE5-B431-88B847FDCCCD}"
EndProject
Project("{9A19103F-16F7-4668-BE54-9A1E7A4F7556}") = "TomTomEcommerce.EFCore", "TomTomEcommerce.EFCore\TomTomEcommerce.EFCore.csproj", "{60CB4CD2-C945-40F7-942A-00C2694E1F5C}"
EndProject
Global
	GlobalSection(SolutionConfigurationPlatforms) = preSolution
		Debug|Any CPU = Debug|Any CPU
		Release|Any CPU = Release|Any CPU
	EndGlobalSection
	GlobalSection(ProjectConfigurationPlatforms) = postSolution
		{728B7242-BF38-4C5C-A8AA-24DC2FD12F36}.Debug|Any CPU.ActiveCfg = Debug|Any CPU
		{728B7242-BF38-4C5C-A8AA-24DC2FD12F36}.Debug|Any CPU.Build.0 = Debug|Any CPU
		{728B7242-BF38-4C5C-A8AA-24DC2FD12F36}.Release|Any CPU.ActiveCfg = Release|Any CPU
		{728B7242-BF38-4C5C-A8AA-24DC2FD12F36}.Release|Any CPU.Build.0 = Release|Any CPU
		{C57ABAE6-370A-4FE5-B431-88B847FDCCCD}.Debug|Any CPU.ActiveCfg = Debug|Any CPU
		{C57ABAE6-370A-4FE5-B431-88B847FDCCCD}.Debug|Any CPU.Build.0 = Debug|Any CPU
		{C57ABAE6-370A-4FE5-B431-88B847FDCCCD}.Release|Any CPU.ActiveCfg = Release|Any CPU
		{C57ABAE6-370A-4FE5-B431-88B847FDCCCD}.Release|Any CPU.Build.0 = Release|Any CPU
		{60CB4CD2-C945-40F7-942A-00C2694E1F5C}.Debug|Any CPU.ActiveCfg = Debug|Any CPU
		{60CB4CD2-C945-40F7-942A-00C2694E1F5C}.Debug|Any CPU.Build.0 = Debug|Any CPU
		{60CB4CD2-C945-40F7-942A-00C2694E1F5C}.Release|Any CPU.ActiveCfg = Release|Any CPU
		{60CB4CD2-C945-40F7-942A-00C2694E1F5C}.Release|Any CPU.Build.0 = Release|Any CPU
	EndGlobalSection
	GlobalSection(SolutionProperties) = preSolution
		HideSolutionNode = FALSE
	EndGlobalSection
	GlobalSection(ExtensibilityGlobals) = postSolution
		SolutionGuid = {E1150B8F-9B22-428C-9B2E-1A6B77B46790}
	EndGlobalSection
EndGlobal
